
Microsoft Visual Studio Solution File, Format Version 12.00
# Visual Studio Version 17
VisualStudioVersion = 17.7.34009.444
MinimumVisualStudioVersion = 10.0.40219.1
Project("{FAE04EC0-301F-11D3-BF4B-00C04F79EFBC}") = "NganHang", "NganHang.csproj", "{BB2E7780-BC6A-49B1-B3B5-25CE178983EE}"
EndProject
Global
	GlobalSection(SolutionConfigurationPlatforms) = preSolution
		Debug|Any CPU = Debug|Any CPU
		Release|Any CPU = Release|Any CPU
	EndGlobalSection
	GlobalSection(ProjectConfigurationPlatforms) = postSolution
		{BB2E7780-BC6A-49B1-B3B5-25CE178983EE}.Debug|Any CPU.ActiveCfg = Debug|Any CPU
		{BB2E7780-BC6A-49B1-B3B5-25CE178983EE}.Debug|Any CPU.Build.0 = Debug|Any CPU
		{BB2E7780-BC6A-49B1-B3B5-25CE178983EE}.Release|Any CPU.ActiveCfg = Release|Any CPU
		{BB2E7780-BC6A-49B1-B3B5-25CE178983EE}.Release|Any CPU.Build.0 = Release|Any CPU
	EndGlobalSection
	GlobalSection(SolutionProperties) = preSolution
		HideSolutionNode = FALSE
	EndGlobalSection
	GlobalSection(ExtensibilityGlobals) = postSolution
		SolutionGuid = {1F571F72-21DB-436A-839A-A85CCCBA40D3}
	EndGlobalSection
EndGlobal
